
Microsoft Visual Studio Solution File, Format Version 12.00
# Visual Studio Version 17
VisualStudioVersion = 17.14.36401.2 d17.14
MinimumVisualStudioVersion = 10.0.40219.1
Project("{FAE04EC0-301F-11D3-BF4B-00C04F79EFBC}") = "POO2-SistemaDeEmpregados", "POO2-SistemaDeEmpregados\POO2-SistemaDeEmpregados.csproj", "{CC49B378-2F2E-4777-AB48-FF0ACF15F1D1}"
EndProject
Global
	GlobalSection(SolutionConfigurationPlatforms) = preSolution
		Debug|Any CPU = Debug|Any CPU
		Release|Any CPU = Release|Any CPU
	EndGlobalSection
	GlobalSection(ProjectConfigurationPlatforms) = postSolution
		{CC49B378-2F2E-4777-AB48-FF0ACF15F1D1}.Debug|Any CPU.ActiveCfg = Debug|Any CPU
		{CC49B378-2F2E-4777-AB48-FF0ACF15F1D1}.Debug|Any CPU.Build.0 = Debug|Any CPU
		{CC49B378-2F2E-4777-AB48-FF0ACF15F1D1}.Release|Any CPU.ActiveCfg = Release|Any CPU
		{CC49B378-2F2E-4777-AB48-FF0ACF15F1D1}.Release|Any CPU.Build.0 = Release|Any CPU
	EndGlobalSection
	GlobalSection(SolutionProperties) = preSolution
		HideSolutionNode = FALSE
	EndGlobalSection
	GlobalSection(ExtensibilityGlobals) = postSolution
		SolutionGuid = {66A2B73A-DF9E-4D83-A877-A3B5E4AB9A95}
	EndGlobalSection
EndGlobal
